
Microsoft Visual Studio Solution File, Format Version 12.00
# Visual Studio 15
VisualStudioVersion = 15.0.26430.6
MinimumVisualStudioVersion = 10.0.40219.1
Project("{FAE04EC0-301F-11D3-BF4B-00C04F79EFBC}") = "SteerSim", "SteerSim\SteerSim.csproj", "{28A2728E-74DA-4818-A0A8-08236F7F1149}"
EndProject
Global
	GlobalSection(SolutionConfigurationPlatforms) = preSolution
		Debug|x86 = Debug|x86
		Release|x86 = Release|x86
	EndGlobalSection
	GlobalSection(ProjectConfigurationPlatforms) = postSolution
		{28A2728E-74DA-4818-A0A8-08236F7F1149}.Debug|x86.ActiveCfg = Debug|x86
		{28A2728E-74DA-4818-A0A8-08236F7F1149}.Debug|x86.Build.0 = Debug|x86
		{28A2728E-74DA-4818-A0A8-08236F7F1149}.Release|x86.ActiveCfg = Release|x86
		{28A2728E-74DA-4818-A0A8-08236F7F1149}.Release|x86.Build.0 = Release|x86
	EndGlobalSection
	GlobalSection(SolutionProperties) = preSolution
		HideSolutionNode = FALSE
	EndGlobalSection
EndGlobal
