
Microsoft Visual Studio Solution File, Format Version 12.00
# Visual Studio Version 16
VisualStudioVersion = 16.0.29409.12
MinimumVisualStudioVersion = 10.0.40219.1
Project("{840C416C-B8F3-42BC-B0DD-F6BB14C9F8CB}") = "AgOpenGPS_Install", "AgOpenGPS_Install\AgOpenGPS_Install.aiproj", "{10020022-002E-44EF-8C4D-1B0446831F9B}"
EndProject
Global
	GlobalSection(SolutionConfigurationPlatforms) = preSolution
		All|Default = All|Default
	EndGlobalSection
	GlobalSection(ProjectConfigurationPlatforms) = postSolution
		{10020022-002E-44EF-8C4D-1B0446831F9B}.All|Default.ActiveCfg = DefaultBuild
		{10020022-002E-44EF-8C4D-1B0446831F9B}.All|Default.Build.0 = DefaultBuild
	EndGlobalSection
	GlobalSection(SolutionProperties) = preSolution
		HideSolutionNode = FALSE
	EndGlobalSection
	GlobalSection(ExtensibilityGlobals) = postSolution
		SolutionGuid = {341C07A0-E3B0-461D-B4E3-75A2837AF102}
	EndGlobalSection
EndGlobal
