
Microsoft Visual Studio Solution File, Format Version 12.00
# Visual Studio Version 16
VisualStudioVersion = 16.0.31129.286
MinimumVisualStudioVersion = 10.0.40219.1
Project("{FAE04EC0-301F-11D3-BF4B-00C04F79EFBC}") = "UDP_Sim", "UDP_Sim.csproj", "{B3FD0E09-B510-4990-B893-68554745DE20}"
EndProject
Global
	GlobalSection(SolutionConfigurationPlatforms) = preSolution
		Debug|Any CPU = Debug|Any CPU
		Release|Any CPU = Release|Any CPU
	EndGlobalSection
	GlobalSection(ProjectConfigurationPlatforms) = postSolution
		{B3FD0E09-B510-4990-B893-68554745DE20}.Debug|Any CPU.ActiveCfg = Debug|Any CPU
		{B3FD0E09-B510-4990-B893-68554745DE20}.Debug|Any CPU.Build.0 = Debug|Any CPU
		{B3FD0E09-B510-4990-B893-68554745DE20}.Release|Any CPU.ActiveCfg = Release|Any CPU
		{B3FD0E09-B510-4990-B893-68554745DE20}.Release|Any CPU.Build.0 = Release|Any CPU
	EndGlobalSection
	GlobalSection(SolutionProperties) = preSolution
		HideSolutionNode = FALSE
	EndGlobalSection
	GlobalSection(ExtensibilityGlobals) = postSolution
		SolutionGuid = {3E14BF6A-306F-47D7-B832-77CE6D6A82A7}
	EndGlobalSection
EndGlobal
