
Microsoft Visual Studio Solution File, Format Version 12.00
# Visual Studio Version 16
VisualStudioVersion = 16.0.30804.86
MinimumVisualStudioVersion = 10.0.40219.1
Project("{FAE04EC0-301F-11D3-BF4B-00C04F79EFBC}") = "AgIO", "Source\AgIO.csproj", "{C88A8244-47F5-4275-AA35-54CC884E9EDE}"
EndProject
Project("{2150E333-8FDC-42A3-9474-1A3956D46DE8}") = "Solution Items", "Solution Items", "{D2C9AF13-A03F-4938-ABEE-5E6A44C20A89}"
	ProjectSection(SolutionItems) = preProject
		.editorconfig = .editorconfig
	EndProjectSection
EndProject
Global
	GlobalSection(SolutionConfigurationPlatforms) = preSolution
		Debug|Any CPU = Debug|Any CPU
		Release|Any CPU = Release|Any CPU
	EndGlobalSection
	GlobalSection(ProjectConfigurationPlatforms) = postSolution
		{C88A8244-47F5-4275-AA35-54CC884E9EDE}.Debug|Any CPU.ActiveCfg = Debug|Any CPU
		{C88A8244-47F5-4275-AA35-54CC884E9EDE}.Debug|Any CPU.Build.0 = Debug|Any CPU
		{C88A8244-47F5-4275-AA35-54CC884E9EDE}.Release|Any CPU.ActiveCfg = Release|Any CPU
		{C88A8244-47F5-4275-AA35-54CC884E9EDE}.Release|Any CPU.Build.0 = Release|Any CPU
	EndGlobalSection
	GlobalSection(SolutionProperties) = preSolution
		HideSolutionNode = FALSE
	EndGlobalSection
	GlobalSection(ExtensibilityGlobals) = postSolution
		SolutionGuid = {8CA82008-66D2-4A55-AD74-0418E5D0CE5B}
	EndGlobalSection
EndGlobal
