
Microsoft Visual Studio Solution File, Format Version 12.00
# Visual Studio Version 16
VisualStudioVersion = 16.0.29613.14
MinimumVisualStudioVersion = 10.0.40219.1
Project("{FAE04EC0-301F-11D3-BF4B-00C04F79EFBC}") = "RateApp", "RateApp.csproj", "{F9477977-CCBA-4753-B67F-EF52E40B43B2}"
EndProject
Global
	GlobalSection(SolutionConfigurationPlatforms) = preSolution
		Debug|Any CPU = Debug|Any CPU
		Release|Any CPU = Release|Any CPU
	EndGlobalSection
	GlobalSection(ProjectConfigurationPlatforms) = postSolution
		{F9477977-CCBA-4753-B67F-EF52E40B43B2}.Debug|Any CPU.ActiveCfg = Debug|Any CPU
		{F9477977-CCBA-4753-B67F-EF52E40B43B2}.Debug|Any CPU.Build.0 = Debug|Any CPU
		{F9477977-CCBA-4753-B67F-EF52E40B43B2}.Release|Any CPU.ActiveCfg = Release|Any CPU
		{F9477977-CCBA-4753-B67F-EF52E40B43B2}.Release|Any CPU.Build.0 = Release|Any CPU
	EndGlobalSection
	GlobalSection(SolutionProperties) = preSolution
		HideSolutionNode = FALSE
	EndGlobalSection
	GlobalSection(ExtensibilityGlobals) = postSolution
		SolutionGuid = {97EE8529-5AB0-417C-A561-16CC6C7AA9E1}
	EndGlobalSection
EndGlobal
