
Microsoft Visual Studio Solution File, Format Version 12.00
# Visual Studio Version 16
VisualStudioVersion = 16.0.29409.12
MinimumVisualStudioVersion = 10.0.40219.1
Project("{840C416C-B8F3-42BC-B0DD-F6BB14C9F8CB}") = "Installer", "Installer.aiproj", "{0F0A272C-7D51-4623-B678-6B318BF22B2A}"
EndProject
Global
	GlobalSection(SolutionConfigurationPlatforms) = preSolution
		All|Default = All|Default
	EndGlobalSection
	GlobalSection(ProjectConfigurationPlatforms) = postSolution
		{0F0A272C-7D51-4623-B678-6B318BF22B2A}.All|Default.ActiveCfg = DefaultBuild
		{0F0A272C-7D51-4623-B678-6B318BF22B2A}.All|Default.Build.0 = DefaultBuild
	EndGlobalSection
	GlobalSection(SolutionProperties) = preSolution
		HideSolutionNode = FALSE
	EndGlobalSection
	GlobalSection(ExtensibilityGlobals) = postSolution
		SolutionGuid = {4E5B9848-AF98-4761-B908-4937327403B3}
	EndGlobalSection
EndGlobal
